PODS:
  - CTMediationCocoaPods (0.1.0)

DEPENDENCIES:
  - CTMediationCocoaPods (from `../`)

EXTERNAL SOURCES:
  CTMediationCocoaPods:
    :path: ../

SPEC CHECKSUMS:
  CTMediationCocoaPods: 2df1a8c55a65f472c11b24761c11df2aa3a938f0

PODFILE CHECKSUM: e3d3d5a1c817cf6f56880eb37738270f48d97dd2

COCOAPODS: 1.4.0
